
Microsoft Visual Studio Solution File, Format Version 12.00
# Visual Studio 15
VisualStudioVersion = 15.0.28010.0
MinimumVisualStudioVersion = 10.0.40219.1
Project("{8BC9CEB8-8B4A-11D0-8D11-00A0C91BC942}") = "testexam", "testexam\testexam.vcxproj", "{9673D63B-DC62-4D93-A2E6-74474991BE96}"
EndProject
Global
	GlobalSection(SolutionConfigurationPlatforms) = preSolution
		Debug|x64 = Debug|x64
		Debug|x86 = Debug|x86
		Release|x64 = Release|x64
		Release|x86 = Release|x86
	EndGlobalSection
	GlobalSection(ProjectConfigurationPlatforms) = postSolution
		{9673D63B-DC62-4D93-A2E6-74474991BE96}.Debug|x64.ActiveCfg = Debug|x64
		{9673D63B-DC62-4D93-A2E6-74474991BE96}.Debug|x64.Build.0 = Debug|x64
		{9673D63B-DC62-4D93-A2E6-74474991BE96}.Debug|x86.ActiveCfg = Debug|Win32
		{9673D63B-DC62-4D93-A2E6-74474991BE96}.Debug|x86.Build.0 = Debug|Win32
		{9673D63B-DC62-4D93-A2E6-74474991BE96}.Release|x64.ActiveCfg = Release|x64
		{9673D63B-DC62-4D93-A2E6-74474991BE96}.Release|x64.Build.0 = Release|x64
		{9673D63B-DC62-4D93-A2E6-74474991BE96}.Release|x86.ActiveCfg = Release|Win32
		{9673D63B-DC62-4D93-A2E6-74474991BE96}.Release|x86.Build.0 = Release|Win32
	EndGlobalSection
	GlobalSection(SolutionProperties) = preSolution
		HideSolutionNode = FALSE
	EndGlobalSection
	GlobalSection(ExtensibilityGlobals) = postSolution
		SolutionGuid = {7BD258A9-0766-468B-86D7-87B1B2D68E23}
	EndGlobalSection
EndGlobal
